// !$*UTF8*$!
{
	archiveVersion = 1;
	classes = {
	};
	objectVersion = 46;
	objects = {

/* Begin PBXBuildFile section */
		9C6F4F241DC55C1900180693 /* AppDelegate.swift in Sources */ = {isa = PBXBuildFile; fileRef = 9C6F4F231DC55C1900180693 /* AppDelegate.swift */; };
		9C6F4F291DC55C1A00180693 /* Main.storyboard in Resources */ = {isa = PBXBuildFile; fileRef = 9C6F4F271DC55C1A00180693 /* Main.storyboard */; };
		9C6F4F2B1DC55C1A00180693 /* Assets.xcassets in Resources */ = {isa = PBXBuildFile; fileRef = 9C6F4F2A1DC55C1A00180693 /* Assets.xcassets */; };
		9C6F4F2E1DC55C1A00180693 /* LaunchScreen.storyboard in Resources */ = {isa = PBXBuildFile; fileRef = 9C6F4F2C1DC55C1A00180693 /* LaunchScreen.storyboard */; };
		9C6F4F361DC55C7700180693 /* LibraryOfCongress.swift in Sources */ = {isa = PBXBuildFile; fileRef = 9C6F4F351DC55C7700180693 /* LibraryOfCongress.swift */; };
		9C6F4F381DC55C8500180693 /* LOCTableViewController.swift in Sources */ = {isa = PBXBuildFile; fileRef = 9C6F4F371DC55C8500180693 /* LOCTableViewController.swift */; };
		9C6F4F3A1DC55C9200180693 /* LOCViewController.swift in Sources */ = {isa = PBXBuildFile; fileRef = 9C6F4F391DC55C9200180693 /* LOCViewController.swift */; };
		9C6F4F3E1DC5605A00180693 /* APIRequestManager.swift in Sources */ = {isa = PBXBuildFile; fileRef = 9C6F4F3D1DC5605A00180693 /* APIRequestManager.swift */; };
/* End PBXBuildFile section */

/* Begin PBXFileReference section */
		9C6F4F201DC55C1900180693 /* LibraryOfCongress.app */ = {isa = PBXFileReference; explicitFileType = wrapper.application; includeInIndex = 0; path = LibraryOfCongress.app; sourceTree = BUILT_PRODUCTS_DIR; };
		9C6F4F231DC55C1900180693 /* AppDelegate.swift */ = {isa = PBXFileReference; lastKnownFileType = sourcecode.swift; path = AppDelegate.swift; sourceTree = "<group>"; };
		9C6F4F281DC55C1A00180693 /* Base */ = {isa = PBXFileReference; lastKnownFileType = file.storyboard; name = Base; path = Base.lproj/Main.storyboard; sourceTree = "<group>"; };
		9C6F4F2A1DC55C1A00180693 /* Assets.xcassets */ = {isa = PBXFileReference; lastKnownFileType = folder.assetcatalog; path = Assets.xcassets; sourceTree = "<group>"; };
		9C6F4F2D1DC55C1A00180693 /* Base */ = {isa = PBXFileReference; lastKnownFileType = file.storyboard; name = Base; path = Base.lproj/LaunchScreen.storyboard; sourceTree = "<group>"; };
		9C6F4F2F1DC55C1A00180693 /* Info.plist */ = {isa = PBXFileReference; lastKnownFileType = text.plist.xml; path = Info.plist; sourceTree = "<group>"; };
		9C6F4F351DC55C7700180693 /* LibraryOfCongress.swift */ = {isa = PBXFileReference; fileEncoding = 4; lastKnownFileType = sourcecode.swift; path = LibraryOfCongress.swift; sourceTree = "<group>"; };
		9C6F4F371DC55C8500180693 /* LOCTableViewController.swift */ = {isa = PBXFileReference; fileEncoding = 4; lastKnownFileType = sourcecode.swift; path = LOCTableViewController.swift; sourceTree = "<group>"; };
		9C6F4F391DC55C9200180693 /* LOCViewController.swift */ = {isa = PBXFileReference; fileEncoding = 4; lastKnownFileType = sourcecode.swift; path = LOCViewController.swift; sourceTree = "<group>"; };
		9C6F4F3D1DC5605A00180693 /* APIRequestManager.swift */ = {isa = PBXFileReference; fileEncoding = 4; lastKnownFileType = sourcecode.swift; name = APIRequestManager.swift; path = ../APIRequestManager.swift; sourceTree = "<group>"; };
/* End PBXFileReference section */

/* Begin PBXFrameworksBuildPhase section */
		9C6F4F1D1DC55C1900180693 /* Frameworks */ = {
			isa = PBXFrameworksBuildPhase;
			buildActionMask = 2147483647;
			files = (
			);
			runOnlyForDeploymentPostprocessing = 0;
		};
/* End PBXFrameworksBuildPhase section */

/* Begin PBXGroup section */
		9C6F4F171DC55C1900180693 = {
			isa = PBXGroup;
			children = (
				9C6F4F221DC55C1900180693 /* LibraryOfCongress */,
				9C6F4F211DC55C1900180693 /* Products */,
			);
			sourceTree = "<group>";
		};
		9C6F4F211DC55C1900180693 /* Products */ = {
			isa = PBXGroup;
			children = (
				9C6F4F201DC55C1900180693 /* LibraryOfCongress.app */,
			);
			name = Products;
			sourceTree = "<group>";
		};
		9C6F4F221DC55C1900180693 /* LibraryOfCongress */ = {
			isa = PBXGroup;
			children = (
				9C6F4F231DC55C1900180693 /* AppDelegate.swift */,
				9C6F4F271DC55C1A00180693 /* Main.storyboard */,
				9C6F4F351DC55C7700180693 /* LibraryOfCongress.swift */,
				9C6F4F371DC55C8500180693 /* LOCTableViewController.swift */,
				9C6F4F391DC55C9200180693 /* LOCViewController.swift */,
				9C6F4F3D1DC5605A00180693 /* APIRequestManager.swift */,
				9C6F4F2A1DC55C1A00180693 /* Assets.xcassets */,
				9C6F4F2C1DC55C1A00180693 /* LaunchScreen.storyboard */,
				9C6F4F2F1DC55C1A00180693 /* Info.plist */,
			);
			path = LibraryOfCongress;
			sourceTree = "<group>";
		};
/* End PBXGroup section */

/* Begin PBXNativeTarget section */
		9C6F4F1F1DC55C1900180693 /* LibraryOfCongress */ = {
			isa = PBXNativeTarget;
			buildConfigurationList = 9C6F4F321DC55C1A00180693 /* Build configuration list for PBXNativeTarget "LibraryOfCongress" */;
			buildPhases = (
				9C6F4F1C1DC55C1900180693 /* Sources */,
				9C6F4F1D1DC55C1900180693 /* Frameworks */,
				9C6F4F1E1DC55C1900180693 /* Resources */,
			);
			buildRules = (
			);
			dependencies = (
			);
			name = LibraryOfCongress;
			productName = LibraryOfCongress;
			productReference = 9C6F4F201DC55C1900180693 /* LibraryOfCongress.app */;
			productType = "com.apple.product-type.application";
		};
/* End PBXNativeTarget section */

/* Begin PBXProject section */
		9C6F4F181DC55C1900180693 /* Project object */ = {
			isa = PBXProject;
			attributes = {
				LastSwiftUpdateCheck = 0800;
				LastUpgradeCheck = 0800;
				ORGANIZATIONNAME = "Annie Tung";
				TargetAttributes = {
					9C6F4F1F1DC55C1900180693 = {
						CreatedOnToolsVersion = 8.0;
						DevelopmentTeam = 9F7X637BX9;
						ProvisioningStyle = Automatic;
					};
				};
			};
			buildConfigurationList = 9C6F4F1B1DC55C1900180693 /* Build configuration list for PBXProject "LibraryOfCongress" */;
			compatibilityVersion = "Xcode 3.2";
			developmentRegion = English;
			hasScannedForEncodings = 0;
			knownRegions = (
				en,
				Base,
			);
			mainGroup = 9C6F4F171DC55C1900180693;
			productRefGroup = 9C6F4F211DC55C1900180693 /* Products */;
			projectDirPath = "";
			projectRoot = "";
			targets = (
				9C6F4F1F1DC55C1900180693 /* LibraryOfCongress */,
			);
		};
/* End PBXProject section */

/* Begin PBXResourcesBuildPhase section */
		9C6F4F1E1DC55C1900180693 /* Resources */ = {
			isa = PBXResourcesBuildPhase;
			buildActionMask = 2147483647;
			files = (
				9C6F4F2E1DC55C1A00180693 /* LaunchScreen.storyboard in Resources */,
				9C6F4F2B1DC55C1A00180693 /* Assets.xcassets in Resources */,
				9C6F4F291DC55C1A00180693 /* Main.storyboard in Resources */,
			);
			runOnlyForDeploymentPostprocessing = 0;
		};
/* End PBXResourcesBuildPhase section */

/* Begin PBXSourcesBuildPhase section */
		9C6F4F1C1DC55C1900180693 /* Sources */ = {
			isa = PBXSourcesBuildPhase;
			buildActionMask = 2147483647;
			files = (
				9C6F4F3A1DC55C9200180693 /* LOCViewController.swift in Sources */,
				9C6F4F381DC55C8500180693 /* LOCTableViewController.swift in Sources */,
				9C6F4F3E1DC5605A00180693 /* APIRequestManager.swift in Sources */,
				9C6F4F361DC55C7700180693 /* LibraryOfCongress.swift in Sources */,
				9C6F4F241DC55C1900180693 /* AppDelegate.swift in Sources */,
			);
			runOnlyForDeploymentPostprocessing = 0;
		};
/* End PBXSourcesBuildPhase section */

/* Begin PBXVariantGroup section */
		9C6F4F271DC55C1A00180693 /* Main.storyboard */ = {
			isa = PBXVariantGroup;
			children = (
				9C6F4F281DC55C1A00180693 /* Base */,
			);
			name = Main.storyboard;
			sourceTree = "<group>";
		};
		9C6F4F2C1DC55C1A00180693 /* LaunchScreen.storyboard */ = {
			isa = PBXVariantGroup;
			children = (
				9C6F4F2D1DC55C1A00180693 /* Base */,
			);
			name = LaunchScreen.storyboard;
			sourceTree = "<group>";
		};
/* End PBXVariantGroup section */

/* Begin XCBuildConfiguration section */
		9C6F4F301DC55C1A00180693 /* Debug */ = {
			isa = XCBuildConfiguration;
			buildSettings = {
				ALWAYS_SEARCH_USER_PATHS = NO;
				CLANG_ANALYZER_NONNULL = YES;
				CLANG_CXX_LANGUAGE_STANDARD = "gnu++0x";
				CLANG_CXX_LIBRARY = "libc++";
				CLANG_ENABLE_MODULES = YES;
				CLANG_ENABLE_OBJC_ARC = YES;
				CLANG_WARN_BOOL_CONVERSION = YES;
				CLANG_WARN_CONSTANT_CONVERSION = YES;
				CLANG_WARN_DIRECT_OBJC_ISA_USAGE = YES_ERROR;
				CLANG_WARN_DOCUMENTATION_COMMENTS = YES;
				CLANG_WARN_EMPTY_BODY = YES;
				CLANG_WARN_ENUM_CONVERSION = YES;
				CLANG_WARN_INFINITE_RECURSION = YES;
				CLANG_WARN_INT_CONVERSION = YES;
				CLANG_WARN_OBJC_ROOT_CLASS = YES_ERROR;
				CLANG_WARN_SUSPICIOUS_MOVES = YES;
				CLANG_WARN_UNREACHABLE_CODE = YES;
				CLANG_WARN__DUPLICATE_METHOD_MATCH = YES;
				"CODE_SIGN_IDENTITY[sdk=iphoneos*]" = "iPhone Developer";
				COPY_PHASE_STRIP = NO;
				DEBUG_INFORMATION_FORMAT = dwarf;
				ENABLE_STRICT_OBJC_MSGSEND = YES;
				ENABLE_TESTABILITY = YES;
				GCC_C_LANGUAGE_STANDARD = gnu99;
				GCC_DYNAMIC_NO_PIC = NO;
				GCC_NO_COMMON_BLOCKS = YES;
				GCC_OPTIMIZATION_LEVEL = 0;
				GCC_PREPROCESSOR_DEFINITIONS = (
					"DEBUG=1",
					"$(inherited)",
				);
				GCC_WARN_64_TO_32_BIT_CONVERSION = YES;
				GCC_WARN_ABOUT_RETURN_TYPE = YES_ERROR;
				GCC_WARN_UNDECLARED_SELECTOR = YES;
				GCC_WARN_UNINITIALIZED_AUTOS = YES_AGGRESSIVE;
				GCC_WARN_UNUSED_FUNCTION = YES;
				GCC_WARN_UNUSED_VARIABLE = YES;
				IPHONEOS_DEPLOYMENT_TARGET = 10.0;
				MTL_ENABLE_DEBUG_INFO = YES;
				ONLY_ACTIVE_ARCH = YES;
				SDKROOT = iphoneos;
				SWIFT_ACTIVE_COMPILATION_CONDITIONS = DEBUG;
				SWIFT_OPTIMIZATION_LEVEL = "-Onone";
				TARGETED_DEVICE_FAMILY = "1,2";
			};
			name = Debug;
		};
		9C6F4F311DC55C1A00180693 /* Release */ = {
			isa = XCBuildConfiguration;
			buildSettings = {
				ALWAYS_SEARCH_USER_PATHS = NO;
				CLANG_ANALYZER_NONNULL = YES;
				CLANG_CXX_LANGUAGE_STANDARD = "gnu++0x";
				CLANG_CXX_LIBRARY = "libc++";
				CLANG_ENABLE_MODULES = YES;
				CLANG_ENABLE_OBJC_ARC = YES;
				CLANG_WARN_BOOL_CONVERSION = YES;
				CLANG_WARN_CONSTANT_CONVERSION = YES;
				CLANG_WARN_DIRECT_OBJC_ISA_USAGE = YES_ERROR;
				CLANG_WARN_DOCUMENTATION_COMMENTS = YES;
				CLANG_WARN_EMPTY_BODY = YES;
				CLANG_WARN_ENUM_CONVERSION = YES;
				CLANG_WARN_INFINITE_RECURSION = YES;
				CLANG_WARN_INT_CONVERSION = YES;
				CLANG_WARN_OBJC_ROOT_CLASS = YES_ERROR;
				CLANG_WARN_SUSPICIOUS_MOVES = YES;
				CLANG_WARN_UNREACHABLE_CODE = YES;
				CLANG_WARN__DUPLICATE_METHOD_MATCH = YES;
				"CODE_SIGN_IDENTITY[sdk=iphoneos*]" = "iPhone Developer";
				COPY_PHASE_STRIP = NO;
				DEBUG_INFORMATION_FORMAT = "dwarf-with-dsym";
				ENABLE_NS_ASSERTIONS = NO;
				ENABLE_STRICT_OBJC_MSGSEND = YES;
				GCC_C_LANGUAGE_STANDARD = gnu99;
				GCC_NO_COMMON_BLOCKS = YES;
				GCC_WARN_64_TO_32_BIT_CONVERSION = YES;
				GCC_WARN_ABOUT_RETURN_TYPE = YES_ERROR;
				GCC_WARN_UNDECLARED_SELECTOR = YES;
				GCC_WARN_UNINITIALIZED_AUTOS = YES_AGGRESSIVE;
				GCC_WARN_UNUSED_FUNCTION = YES;
				GCC_WARN_UNUSED_VARIABLE = YES;
				IPHONEOS_DEPLOYMENT_TARGET = 10.0;
				MTL_ENABLE_DEBUG_INFO = NO;
				SDKROOT = iphoneos;
				SWIFT_OPTIMIZATION_LEVEL = "-Owholemodule";
				TARGETED_DEVICE_FAMILY = "1,2";
				VALIDATE_PRODUCT = YES;
			};
			name = Release;
		};
		9C6F4F331DC55C1A00180693 /* Debug */ = {
			isa = XCBuildConfiguration;
			buildSettings = {
				ASSETCATALOG_COMPILER_APPICON_NAME = AppIcon;
				DEVELOPMENT_TEAM = 9F7X637BX9;
				INFOPLIST_FILE = LibraryOfCongress/Info.plist;
				LD_RUNPATH_SEARCH_PATHS = "$(inherited) @executable_path/Frameworks";
				PRODUCT_BUNDLE_IDENTIFIER = tung.annie.c4q.LibraryOfCongress;
				PRODUCT_NAME = "$(TARGET_NAME)";
				SWIFT_VERSION = 3.0;
			};
			name = Debug;
		};
		9C6F4F341DC55C1A00180693 /* Release */ = {
			isa = XCBuildConfiguration;
			buildSettings = {
				ASSETCATALOG_COMPILER_APPICON_NAME = AppIcon;
				DEVELOPMENT_TEAM = 9F7X637BX9;
				INFOPLIST_FILE = LibraryOfCongress/Info.plist;
				LD_RUNPATH_SEARCH_PATHS = "$(inherited) @executable_path/Frameworks";
				PRODUCT_BUNDLE_IDENTIFIER = tung.annie.c4q.LibraryOfCongress;
				PRODUCT_NAME = "$(TARGET_NAME)";
				SWIFT_VERSION = 3.0;
			};
			name = Release;
		};
/* End XCBuildConfiguration section */

/* Begin XCConfigurationList section */
		9C6F4F1B1DC55C1900180693 /* Build configuration list for PBXProject "LibraryOfCongress" */ = {
			isa = XCConfigurationList;
			buildConfigurations = (
				9C6F4F301DC55C1A00180693 /* Debug */,
				9C6F4F311DC55C1A00180693 /* Release */,
			);
			defaultConfigurationIsVisible = 0;
			defaultConfigurationName = Release;
		};
		9C6F4F321DC55C1A00180693 /* Build configuration list for PBXNativeTarget "LibraryOfCongress" */ = {
			isa = XCConfigurationList;
			buildConfigurations = (
				9C6F4F331DC55C1A00180693 /* Debug */,
				9C6F4F341DC55C1A00180693 /* Release */,
			);
			defaultConfigurationIsVisible = 0;
		};
/* End XCConfigurationList section */
	};
	rootObject = 9C6F4F181DC55C1900180693 /* Project object */;
}
