// !$*UTF8*$!
{
	archiveVersion = 1;
	classes = {
	};
	objectVersion = 46;
	objects = {

/* Begin PBXBuildFile section */
		3A5658AD1DC7144E00BDA762 /* AppDelegate.swift in Sources */ = {isa = PBXBuildFile; fileRef = 3A5658AC1DC7144E00BDA762 /* AppDelegate.swift */; };
		3A5658B21DC7144E00BDA762 /* Main.storyboard in Resources */ = {isa = PBXBuildFile; fileRef = 3A5658B01DC7144E00BDA762 /* Main.storyboard */; };
		3A5658B41DC7144E00BDA762 /* Assets.xcassets in Resources */ = {isa = PBXBuildFile; fileRef = 3A5658B31DC7144E00BDA762 /* Assets.xcassets */; };
		3A5658B71DC7144E00BDA762 /* LaunchScreen.storyboard in Resources */ = {isa = PBXBuildFile; fileRef = 3A5658B51DC7144E00BDA762 /* LaunchScreen.storyboard */; };
		3A5658BF1DC7150400BDA762 /* LibraryOfCongressTableViewController.swift in Sources */ = {isa = PBXBuildFile; fileRef = 3A5658BE1DC7150400BDA762 /* LibraryOfCongressTableViewController.swift */; };
		3A5658C11DC7158500BDA762 /* DetailViewController.swift in Sources */ = {isa = PBXBuildFile; fileRef = 3A5658C01DC7158500BDA762 /* DetailViewController.swift */; };
		3A5658C51DC717FE00BDA762 /* CongressPic.swift in Sources */ = {isa = PBXBuildFile; fileRef = 3A5658C41DC717FE00BDA762 /* CongressPic.swift */; };
		3A5658C71DC7230D00BDA762 /* CongressPicFactory.swift in Sources */ = {isa = PBXBuildFile; fileRef = 3A5658C61DC7230D00BDA762 /* CongressPicFactory.swift */; };
		3A5658C91DC7E80700BDA762 /* CongressPicTableViewCell.swift in Sources */ = {isa = PBXBuildFile; fileRef = 3A5658C81DC7E80700BDA762 /* CongressPicTableViewCell.swift */; };
/* End PBXBuildFile section */

/* Begin PBXFileReference section */
		3A5658A91DC7144E00BDA762 /* libraryOfCongress.app */ = {isa = PBXFileReference; explicitFileType = wrapper.application; includeInIndex = 0; path = libraryOfCongress.app; sourceTree = BUILT_PRODUCTS_DIR; };
		3A5658AC1DC7144E00BDA762 /* AppDelegate.swift */ = {isa = PBXFileReference; lastKnownFileType = sourcecode.swift; path = AppDelegate.swift; sourceTree = "<group>"; };
		3A5658B11DC7144E00BDA762 /* Base */ = {isa = PBXFileReference; lastKnownFileType = file.storyboard; name = Base; path = Base.lproj/Main.storyboard; sourceTree = "<group>"; };
		3A5658B31DC7144E00BDA762 /* Assets.xcassets */ = {isa = PBXFileReference; lastKnownFileType = folder.assetcatalog; path = Assets.xcassets; sourceTree = "<group>"; };
		3A5658B61DC7144E00BDA762 /* Base */ = {isa = PBXFileReference; lastKnownFileType = file.storyboard; name = Base; path = Base.lproj/LaunchScreen.storyboard; sourceTree = "<group>"; };
		3A5658B81DC7144E00BDA762 /* Info.plist */ = {isa = PBXFileReference; lastKnownFileType = text.plist.xml; path = Info.plist; sourceTree = "<group>"; };
		3A5658BE1DC7150400BDA762 /* LibraryOfCongressTableViewController.swift */ = {isa = PBXFileReference; fileEncoding = 4; lastKnownFileType = sourcecode.swift; path = LibraryOfCongressTableViewController.swift; sourceTree = "<group>"; };
		3A5658C01DC7158500BDA762 /* DetailViewController.swift */ = {isa = PBXFileReference; fileEncoding = 4; lastKnownFileType = sourcecode.swift; path = DetailViewController.swift; sourceTree = "<group>"; };
		3A5658C41DC717FE00BDA762 /* CongressPic.swift */ = {isa = PBXFileReference; fileEncoding = 4; lastKnownFileType = sourcecode.swift; path = CongressPic.swift; sourceTree = "<group>"; };
		3A5658C61DC7230D00BDA762 /* CongressPicFactory.swift */ = {isa = PBXFileReference; fileEncoding = 4; lastKnownFileType = sourcecode.swift; path = CongressPicFactory.swift; sourceTree = "<group>"; };
		3A5658C81DC7E80700BDA762 /* CongressPicTableViewCell.swift */ = {isa = PBXFileReference; fileEncoding = 4; lastKnownFileType = sourcecode.swift; path = CongressPicTableViewCell.swift; sourceTree = "<group>"; };
/* End PBXFileReference section */

/* Begin PBXFrameworksBuildPhase section */
		3A5658A61DC7144E00BDA762 /* Frameworks */ = {
			isa = PBXFrameworksBuildPhase;
			buildActionMask = 2147483647;
			files = (
			);
			runOnlyForDeploymentPostprocessing = 0;
		};
/* End PBXFrameworksBuildPhase section */

/* Begin PBXGroup section */
		3A5658A01DC7144E00BDA762 = {
			isa = PBXGroup;
			children = (
				3A5658AB1DC7144E00BDA762 /* libraryOfCongress */,
				3A5658AA1DC7144E00BDA762 /* Products */,
			);
			sourceTree = "<group>";
		};
		3A5658AA1DC7144E00BDA762 /* Products */ = {
			isa = PBXGroup;
			children = (
				3A5658A91DC7144E00BDA762 /* libraryOfCongress.app */,
			);
			name = Products;
			sourceTree = "<group>";
		};
		3A5658AB1DC7144E00BDA762 /* libraryOfCongress */ = {
			isa = PBXGroup;
			children = (
				3A5658B01DC7144E00BDA762 /* Main.storyboard */,
				3A5658CA1DC7E91400BDA762 /* Models */,
				3A5658C21DC715C100BDA762 /* View Controllers */,
				3A5658C31DC715E700BDA762 /* Supporting Files */,
			);
			path = libraryOfCongress;
			sourceTree = "<group>";
		};
		3A5658C21DC715C100BDA762 /* View Controllers */ = {
			isa = PBXGroup;
			children = (
				3A5658BE1DC7150400BDA762 /* LibraryOfCongressTableViewController.swift */,
				3A5658C81DC7E80700BDA762 /* CongressPicTableViewCell.swift */,
				3A5658C01DC7158500BDA762 /* DetailViewController.swift */,
			);
			name = "View Controllers";
			sourceTree = "<group>";
		};
		3A5658C31DC715E700BDA762 /* Supporting Files */ = {
			isa = PBXGroup;
			children = (
				3A5658AC1DC7144E00BDA762 /* AppDelegate.swift */,
				3A5658B31DC7144E00BDA762 /* Assets.xcassets */,
				3A5658B51DC7144E00BDA762 /* LaunchScreen.storyboard */,
				3A5658B81DC7144E00BDA762 /* Info.plist */,
			);
			name = "Supporting Files";
			sourceTree = "<group>";
		};
		3A5658CA1DC7E91400BDA762 /* Models */ = {
			isa = PBXGroup;
			children = (
				3A5658C41DC717FE00BDA762 /* CongressPic.swift */,
				3A5658C61DC7230D00BDA762 /* CongressPicFactory.swift */,
			);
			name = Models;
			sourceTree = "<group>";
		};
/* End PBXGroup section */

/* Begin PBXNativeTarget section */
		3A5658A81DC7144E00BDA762 /* libraryOfCongress */ = {
			isa = PBXNativeTarget;
			buildConfigurationList = 3A5658BB1DC7144E00BDA762 /* Build configuration list for PBXNativeTarget "libraryOfCongress" */;
			buildPhases = (
				3A5658A51DC7144E00BDA762 /* Sources */,
				3A5658A61DC7144E00BDA762 /* Frameworks */,
				3A5658A71DC7144E00BDA762 /* Resources */,
			);
			buildRules = (
			);
			dependencies = (
			);
			name = libraryOfCongress;
			productName = libraryOfCongress;
			productReference = 3A5658A91DC7144E00BDA762 /* libraryOfCongress.app */;
			productType = "com.apple.product-type.application";
		};
/* End PBXNativeTarget section */

/* Begin PBXProject section */
		3A5658A11DC7144E00BDA762 /* Project object */ = {
			isa = PBXProject;
			attributes = {
				LastSwiftUpdateCheck = 0800;
				LastUpgradeCheck = 0800;
				ORGANIZATIONNAME = "Erica Stevens";
				TargetAttributes = {
					3A5658A81DC7144E00BDA762 = {
						CreatedOnToolsVersion = 8.0;
						ProvisioningStyle = Automatic;
					};
				};
			};
			buildConfigurationList = 3A5658A41DC7144E00BDA762 /* Build configuration list for PBXProject "libraryOfCongress" */;
			compatibilityVersion = "Xcode 3.2";
			developmentRegion = English;
			hasScannedForEncodings = 0;
			knownRegions = (
				en,
				Base,
			);
			mainGroup = 3A5658A01DC7144E00BDA762;
			productRefGroup = 3A5658AA1DC7144E00BDA762 /* Products */;
			projectDirPath = "";
			projectRoot = "";
			targets = (
				3A5658A81DC7144E00BDA762 /* libraryOfCongress */,
			);
		};
/* End PBXProject section */

/* Begin PBXResourcesBuildPhase section */
		3A5658A71DC7144E00BDA762 /* Resources */ = {
			isa = PBXResourcesBuildPhase;
			buildActionMask = 2147483647;
			files = (
				3A5658B71DC7144E00BDA762 /* LaunchScreen.storyboard in Resources */,
				3A5658B41DC7144E00BDA762 /* Assets.xcassets in Resources */,
				3A5658B21DC7144E00BDA762 /* Main.storyboard in Resources */,
			);
			runOnlyForDeploymentPostprocessing = 0;
		};
/* End PBXResourcesBuildPhase section */

/* Begin PBXSourcesBuildPhase section */
		3A5658A51DC7144E00BDA762 /* Sources */ = {
			isa = PBXSourcesBuildPhase;
			buildActionMask = 2147483647;
			files = (
				3A5658C91DC7E80700BDA762 /* CongressPicTableViewCell.swift in Sources */,
				3A5658C51DC717FE00BDA762 /* CongressPic.swift in Sources */,
				3A5658C11DC7158500BDA762 /* DetailViewController.swift in Sources */,
				3A5658BF1DC7150400BDA762 /* LibraryOfCongressTableViewController.swift in Sources */,
				3A5658AD1DC7144E00BDA762 /* AppDelegate.swift in Sources */,
				3A5658C71DC7230D00BDA762 /* CongressPicFactory.swift in Sources */,
			);
			runOnlyForDeploymentPostprocessing = 0;
		};
/* End PBXSourcesBuildPhase section */

/* Begin PBXVariantGroup section */
		3A5658B01DC7144E00BDA762 /* Main.storyboard */ = {
			isa = PBXVariantGroup;
			children = (
				3A5658B11DC7144E00BDA762 /* Base */,
			);
			name = Main.storyboard;
			sourceTree = "<group>";
		};
		3A5658B51DC7144E00BDA762 /* LaunchScreen.storyboard */ = {
			isa = PBXVariantGroup;
			children = (
				3A5658B61DC7144E00BDA762 /* Base */,
			);
			name = LaunchScreen.storyboard;
			sourceTree = "<group>";
		};
/* End PBXVariantGroup section */

/* Begin XCBuildConfiguration section */
		3A5658B91DC7144E00BDA762 /* Debug */ = {
			isa = XCBuildConfiguration;
			buildSettings = {
				ALWAYS_SEARCH_USER_PATHS = NO;
				CLANG_ANALYZER_NONNULL = YES;
				CLANG_CXX_LANGUAGE_STANDARD = "gnu++0x";
				CLANG_CXX_LIBRARY = "libc++";
				CLANG_ENABLE_MODULES = YES;
				CLANG_ENABLE_OBJC_ARC = YES;
				CLANG_WARN_BOOL_CONVERSION = YES;
				CLANG_WARN_CONSTANT_CONVERSION = YES;
				CLANG_WARN_DIRECT_OBJC_ISA_USAGE = YES_ERROR;
				CLANG_WARN_DOCUMENTATION_COMMENTS = YES;
				CLANG_WARN_EMPTY_BODY = YES;
				CLANG_WARN_ENUM_CONVERSION = YES;
				CLANG_WARN_INFINITE_RECURSION = YES;
				CLANG_WARN_INT_CONVERSION = YES;
				CLANG_WARN_OBJC_ROOT_CLASS = YES_ERROR;
				CLANG_WARN_SUSPICIOUS_MOVES = YES;
				CLANG_WARN_UNREACHABLE_CODE = YES;
				CLANG_WARN__DUPLICATE_METHOD_MATCH = YES;
				"CODE_SIGN_IDENTITY[sdk=iphoneos*]" = "iPhone Developer";
				COPY_PHASE_STRIP = NO;
				DEBUG_INFORMATION_FORMAT = dwarf;
				ENABLE_STRICT_OBJC_MSGSEND = YES;
				ENABLE_TESTABILITY = YES;
				GCC_C_LANGUAGE_STANDARD = gnu99;
				GCC_DYNAMIC_NO_PIC = NO;
				GCC_NO_COMMON_BLOCKS = YES;
				GCC_OPTIMIZATION_LEVEL = 0;
				GCC_PREPROCESSOR_DEFINITIONS = (
					"DEBUG=1",
					"$(inherited)",
				);
				GCC_WARN_64_TO_32_BIT_CONVERSION = YES;
				GCC_WARN_ABOUT_RETURN_TYPE = YES_ERROR;
				GCC_WARN_UNDECLARED_SELECTOR = YES;
				GCC_WARN_UNINITIALIZED_AUTOS = YES_AGGRESSIVE;
				GCC_WARN_UNUSED_FUNCTION = YES;
				GCC_WARN_UNUSED_VARIABLE = YES;
				IPHONEOS_DEPLOYMENT_TARGET = 10.0;
				MTL_ENABLE_DEBUG_INFO = YES;
				ONLY_ACTIVE_ARCH = YES;
				SDKROOT = iphoneos;
				SWIFT_ACTIVE_COMPILATION_CONDITIONS = DEBUG;
				SWIFT_OPTIMIZATION_LEVEL = "-Onone";
				TARGETED_DEVICE_FAMILY = "1,2";
			};
			name = Debug;
		};
		3A5658BA1DC7144E00BDA762 /* Release */ = {
			isa = XCBuildConfiguration;
			buildSettings = {
				ALWAYS_SEARCH_USER_PATHS = NO;
				CLANG_ANALYZER_NONNULL = YES;
				CLANG_CXX_LANGUAGE_STANDARD = "gnu++0x";
				CLANG_CXX_LIBRARY = "libc++";
				CLANG_ENABLE_MODULES = YES;
				CLANG_ENABLE_OBJC_ARC = YES;
				CLANG_WARN_BOOL_CONVERSION = YES;
				CLANG_WARN_CONSTANT_CONVERSION = YES;
				CLANG_WARN_DIRECT_OBJC_ISA_USAGE = YES_ERROR;
				CLANG_WARN_DOCUMENTATION_COMMENTS = YES;
				CLANG_WARN_EMPTY_BODY = YES;
				CLANG_WARN_ENUM_CONVERSION = YES;
				CLANG_WARN_INFINITE_RECURSION = YES;
				CLANG_WARN_INT_CONVERSION = YES;
				CLANG_WARN_OBJC_ROOT_CLASS = YES_ERROR;
				CLANG_WARN_SUSPICIOUS_MOVES = YES;
				CLANG_WARN_UNREACHABLE_CODE = YES;
				CLANG_WARN__DUPLICATE_METHOD_MATCH = YES;
				"CODE_SIGN_IDENTITY[sdk=iphoneos*]" = "iPhone Developer";
				COPY_PHASE_STRIP = NO;
				DEBUG_INFORMATION_FORMAT = "dwarf-with-dsym";
				ENABLE_NS_ASSERTIONS = NO;
				ENABLE_STRICT_OBJC_MSGSEND = YES;
				GCC_C_LANGUAGE_STANDARD = gnu99;
				GCC_NO_COMMON_BLOCKS = YES;
				GCC_WARN_64_TO_32_BIT_CONVERSION = YES;
				GCC_WARN_ABOUT_RETURN_TYPE = YES_ERROR;
				GCC_WARN_UNDECLARED_SELECTOR = YES;
				GCC_WARN_UNINITIALIZED_AUTOS = YES_AGGRESSIVE;
				GCC_WARN_UNUSED_FUNCTION = YES;
				GCC_WARN_UNUSED_VARIABLE = YES;
				IPHONEOS_DEPLOYMENT_TARGET = 10.0;
				MTL_ENABLE_DEBUG_INFO = NO;
				SDKROOT = iphoneos;
				SWIFT_OPTIMIZATION_LEVEL = "-Owholemodule";
				TARGETED_DEVICE_FAMILY = "1,2";
				VALIDATE_PRODUCT = YES;
			};
			name = Release;
		};
		3A5658BC1DC7144E00BDA762 /* Debug */ = {
			isa = XCBuildConfiguration;
			buildSettings = {
				ASSETCATALOG_COMPILER_APPICON_NAME = AppIcon;
				INFOPLIST_FILE = libraryOfCongress/Info.plist;
				LD_RUNPATH_SEARCH_PATHS = "$(inherited) @executable_path/Frameworks";
				PRODUCT_BUNDLE_IDENTIFIER = nyc.c4q.ericastevens.libraryOfCongress;
				PRODUCT_NAME = "$(TARGET_NAME)";
				SWIFT_VERSION = 3.0;
			};
			name = Debug;
		};
		3A5658BD1DC7144E00BDA762 /* Release */ = {
			isa = XCBuildConfiguration;
			buildSettings = {
				ASSETCATALOG_COMPILER_APPICON_NAME = AppIcon;
				INFOPLIST_FILE = libraryOfCongress/Info.plist;
				LD_RUNPATH_SEARCH_PATHS = "$(inherited) @executable_path/Frameworks";
				PRODUCT_BUNDLE_IDENTIFIER = nyc.c4q.ericastevens.libraryOfCongress;
				PRODUCT_NAME = "$(TARGET_NAME)";
				SWIFT_VERSION = 3.0;
			};
			name = Release;
		};
/* End XCBuildConfiguration section */

/* Begin XCConfigurationList section */
		3A5658A41DC7144E00BDA762 /* Build configuration list for PBXProject "libraryOfCongress" */ = {
			isa = XCConfigurationList;
			buildConfigurations = (
				3A5658B91DC7144E00BDA762 /* Debug */,
				3A5658BA1DC7144E00BDA762 /* Release */,
			);
			defaultConfigurationIsVisible = 0;
			defaultConfigurationName = Release;
		};
		3A5658BB1DC7144E00BDA762 /* Build configuration list for PBXNativeTarget "libraryOfCongress" */ = {
			isa = XCConfigurationList;
			buildConfigurations = (
				3A5658BC1DC7144E00BDA762 /* Debug */,
				3A5658BD1DC7144E00BDA762 /* Release */,
			);
			defaultConfigurationIsVisible = 0;
		};
/* End XCConfigurationList section */
	};
	rootObject = 3A5658A11DC7144E00BDA762 /* Project object */;
}
